Microsoft Visual Studio Solution File, Format Version 12.00
# Visual Studio 15
VisualStudioVersion = 15.0.26430.16
MinimumVisualStudioVersion = 10.0.40219.1
Project("{FAE04EC0-301F-11D3-BF4B-00C04F79EFBC}") = "ChatBot", "ChatBot\ChatBot.csproj", "{035580CD-C7F2-4A4F-9738-FEC387704989}"
EndProject
Project("{2150E333-8FDC-42A3-9474-1A3956D46DE8}") = "Solution Items", "Solution Items", "{EB802F83-E581-4C4B-9B16-7D00D66C9329}"
	ProjectSection(SolutionItems) = preProject
		GCop.json = GCop.json
	EndProjectSection
EndProject
Project("{FAE04EC0-301F-11D3-BF4B-00C04F79EFBC}") = "Dashboard", "Dashboard\Dashboard.csproj", "{A9097ED9-3E10-421C-8A9F-E4E976261FFF}"
EndProject
Project("{FAE04EC0-301F-11D3-BF4B-00C04F79EFBC}") = "BackAPI", "BackAPI\BackAPI.csproj", "{610680CF-9145-4865-B491-F11E97B5FD91}"
EndProject
Project("{FAE04EC0-301F-11D3-BF4B-00C04F79EFBC}") = "ChatBot.PCL", "ChatBot.PCL\ChatBot.PCL.csproj", "{70100B53-C90B-4F41-8F40-2F5FD3214293}"
EndProject
Project("{FAE04EC0-301F-11D3-BF4B-00C04F79EFBC}") = "ChatBot.TU", "ChatBot.TU\ChatBot.TU.csproj", "{7950DC21-073C-4834-A97A-62BD97593374}"
EndProject
Global
	GlobalSection(SolutionConfigurationPlatforms) = preSolution
		Debug|Any CPU = Debug|Any CPU
		Release|Any CPU = Release|Any CPU
	EndGlobalSection
	GlobalSection(ProjectConfigurationPlatforms) = postSolution
		{035580CD-C7F2-4A4F-9738-FEC387704989}.Debug|Any CPU.ActiveCfg = Debug|Any CPU
		{035580CD-C7F2-4A4F-9738-FEC387704989}.Debug|Any CPU.Build.0 = Debug|Any CPU
		{035580CD-C7F2-4A4F-9738-FEC387704989}.Release|Any CPU.ActiveCfg = Release|Any CPU
		{035580CD-C7F2-4A4F-9738-FEC387704989}.Release|Any CPU.Build.0 = Release|Any CPU
		{A9097ED9-3E10-421C-8A9F-E4E976261FFF}.Debug|Any CPU.ActiveCfg = Debug|Any CPU
		{A9097ED9-3E10-421C-8A9F-E4E976261FFF}.Debug|Any CPU.Build.0 = Debug|Any CPU
		{A9097ED9-3E10-421C-8A9F-E4E976261FFF}.Release|Any CPU.ActiveCfg = Release|Any CPU
		{A9097ED9-3E10-421C-8A9F-E4E976261FFF}.Release|Any CPU.Build.0 = Release|Any CPU
		{610680CF-9145-4865-B491-F11E97B5FD91}.Debug|Any CPU.ActiveCfg = Debug|Any CPU
		{610680CF-9145-4865-B491-F11E97B5FD91}.Debug|Any CPU.Build.0 = Debug|Any CPU
		{610680CF-9145-4865-B491-F11E97B5FD91}.Release|Any CPU.ActiveCfg = Release|Any CPU
		{610680CF-9145-4865-B491-F11E97B5FD91}.Release|Any CPU.Build.0 = Release|Any CPU
		{70100B53-C90B-4F41-8F40-2F5FD3214293}.Debug|Any CPU.ActiveCfg = Debug|Any CPU
		{70100B53-C90B-4F41-8F40-2F5FD3214293}.Debug|Any CPU.Build.0 = Debug|Any CPU
		{70100B53-C90B-4F41-8F40-2F5FD3214293}.Release|Any CPU.ActiveCfg = Release|Any CPU
		{70100B53-C90B-4F41-8F40-2F5FD3214293}.Release|Any CPU.Build.0 = Release|Any CPU
		{7950DC21-073C-4834-A97A-62BD97593374}.Debug|Any CPU.ActiveCfg = Debug|Any CPU
		{7950DC21-073C-4834-A97A-62BD97593374}.Debug|Any CPU.Build.0 = Debug|Any CPU
		{7950DC21-073C-4834-A97A-62BD97593374}.Release|Any CPU.ActiveCfg = Release|Any CPU
		{7950DC21-073C-4834-A97A-62BD97593374}.Release|Any CPU.Build.0 = Release|Any CPU
	EndGlobalSection
	GlobalSection(SolutionProperties) = preSolution
		HideSolutionNode = FALSE
	EndGlobalSection
	GlobalSection(ExtensibilityGlobals) = postSolution
		SolutionGuid = {57E4113F-471D-415F-BCC9-E8539B2B1C26}
	EndGlobalSection
EndGlobal
